
Microsoft Visual Studio Solution File, Format Version 12.00
# Visual Studio Version 16
VisualStudioVersion = 16.0.28729.10
MinimumVisualStudioVersion = 10.0.40219.1
Project("{2150E333-8FDC-42A3-9474-1A3956D46DE8}") = "Microservices", "Microservices", "{CF972B06-48BC-4F89-B525-02FEC259BC7F}"
EndProject
Project("{2150E333-8FDC-42A3-9474-1A3956D46DE8}") = "Domain", "Domain", "{559BC94B-8954-4C7A-BFAB-32199D67856D}"
EndProject
Project("{2150E333-8FDC-42A3-9474-1A3956D46DE8}") = "Infra.Bus", "Infra.Bus", "{C2511B6F-4438-46E4-904B-72DBF0273744}"
EndProject
Project("{2150E333-8FDC-42A3-9474-1A3956D46DE8}") = "Infra.Ioc", "Infra.Ioc", "{4DC09AC7-C6AA-4594-8B4C-20BB4DD5F234}"
EndProject
Project("{2150E333-8FDC-42A3-9474-1A3956D46DE8}") = "Presentation", "Presentation", "{A7868C02-B3D5-4D95-BFF0-5CF7CA90726A}"
EndProject
Project("{9A19103F-16F7-4668-BE54-9A1E7A4F7556}") = "MicroRabbit.Domain.Core", "MicroRabbit.Domain.Core\MicroRabbit.Domain.Core.csproj", "{D936B200-49DC-4FA0-9B1A-9FCBF6281947}"
EndProject
Project("{9A19103F-16F7-4668-BE54-9A1E7A4F7556}") = "MicroRabbit.Infra.Bus", "MicroRabbit.Infra.Bus\MicroRabbit.Infra.Bus.csproj", "{BC8B482C-69BC-4318-8239-C1C673F1CB7A}"
EndProject
Project("{FAE04EC0-301F-11D3-BF4B-00C04F79EFBC}") = "MicroRabbit.Infra.IoC", "MicroRabbit.Infra.IoC\MicroRabbit.Infra.IoC.csproj", "{33474EF4-5350-4A2D-A6F7-666DA1AB9CFA}"
EndProject
Project("{2150E333-8FDC-42A3-9474-1A3956D46DE8}") = "Banking", "Banking", "{0960E7A3-586B-4F61-B8DC-764513974A19}"
EndProject
Project("{2150E333-8FDC-42A3-9474-1A3956D46DE8}") = "Api", "Api", "{7204E19E-8C63-4EF4-AA1E-14B5A996DC7F}"
EndProject
Project("{2150E333-8FDC-42A3-9474-1A3956D46DE8}") = "Domain", "Domain", "{F52D270C-2494-4A8B-8F74-B834DF2501C9}"
EndProject
Project("{2150E333-8FDC-42A3-9474-1A3956D46DE8}") = "Application", "Application", "{18DC1840-1498-4709-8C9C-54ED59546C10}"
EndProject
Project("{2150E333-8FDC-42A3-9474-1A3956D46DE8}") = "Data", "Data", "{A2AE6B81-EA63-4721-A97F-DF6DA58EB3F9}"
EndProject
Project("{FAE04EC0-301F-11D3-BF4B-00C04F79EFBC}") = "MicroRabbit.Banking.Api", "MicroRabbit.Banking.Api\MicroRabbit.Banking.Api.csproj", "{AEBEB8FF-07C0-48F5-8DDE-DDD9AC8D043C}"
EndProject
Project("{FAE04EC0-301F-11D3-BF4B-00C04F79EFBC}") = "MicroRabbit.Banking.Application", "MicroRabbit.Banking.Application\MicroRabbit.Banking.Application.csproj", "{CBDAA9DE-EBCC-4628-B9AC-5D440ABC2A1A}"
EndProject
Project("{FAE04EC0-301F-11D3-BF4B-00C04F79EFBC}") = "MicroRabbit.Banking.Data", "MicroRabbit.Banking.Data\MicroRabbit.Banking.Data.csproj", "{26352D13-E50F-4A36-A054-A22C8A15CFAD}"
EndProject
Project("{FAE04EC0-301F-11D3-BF4B-00C04F79EFBC}") = "MicroRabbit.Banking.Domain", "MicroRabbit.Banking.Domain\MicroRabbit.Banking.Domain.csproj", "{12327431-65CB-4D20-B5B7-1BD110030B31}"
EndProject
Global
	GlobalSection(SolutionConfigurationPlatforms) = preSolution
		Debug|Any CPU = Debug|Any CPU
		Release|Any CPU = Release|Any CPU
	EndGlobalSection
	GlobalSection(ProjectConfigurationPlatforms) = postSolution
		{D936B200-49DC-4FA0-9B1A-9FCBF6281947}.Debug|Any CPU.ActiveCfg = Debug|Any CPU
		{D936B200-49DC-4FA0-9B1A-9FCBF6281947}.Debug|Any CPU.Build.0 = Debug|Any CPU
		{D936B200-49DC-4FA0-9B1A-9FCBF6281947}.Release|Any CPU.ActiveCfg = Release|Any CPU
		{D936B200-49DC-4FA0-9B1A-9FCBF6281947}.Release|Any CPU.Build.0 = Release|Any CPU
		{BC8B482C-69BC-4318-8239-C1C673F1CB7A}.Debug|Any CPU.ActiveCfg = Debug|Any CPU
		{BC8B482C-69BC-4318-8239-C1C673F1CB7A}.Debug|Any CPU.Build.0 = Debug|Any CPU
		{BC8B482C-69BC-4318-8239-C1C673F1CB7A}.Release|Any CPU.ActiveCfg = Release|Any CPU
		{BC8B482C-69BC-4318-8239-C1C673F1CB7A}.Release|Any CPU.Build.0 = Release|Any CPU
		{33474EF4-5350-4A2D-A6F7-666DA1AB9CFA}.Debug|Any CPU.ActiveCfg = Debug|Any CPU
		{33474EF4-5350-4A2D-A6F7-666DA1AB9CFA}.Debug|Any CPU.Build.0 = Debug|Any CPU
		{33474EF4-5350-4A2D-A6F7-666DA1AB9CFA}.Release|Any CPU.ActiveCfg = Release|Any CPU
		{33474EF4-5350-4A2D-A6F7-666DA1AB9CFA}.Release|Any CPU.Build.0 = Release|Any CPU
		{AEBEB8FF-07C0-48F5-8DDE-DDD9AC8D043C}.Debug|Any CPU.ActiveCfg = Debug|Any CPU
		{AEBEB8FF-07C0-48F5-8DDE-DDD9AC8D043C}.Debug|Any CPU.Build.0 = Debug|Any CPU
		{AEBEB8FF-07C0-48F5-8DDE-DDD9AC8D043C}.Release|Any CPU.ActiveCfg = Release|Any CPU
		{AEBEB8FF-07C0-48F5-8DDE-DDD9AC8D043C}.Release|Any CPU.Build.0 = Release|Any CPU
		{CBDAA9DE-EBCC-4628-B9AC-5D440ABC2A1A}.Debug|Any CPU.ActiveCfg = Debug|Any CPU
		{CBDAA9DE-EBCC-4628-B9AC-5D440ABC2A1A}.Debug|Any CPU.Build.0 = Debug|Any CPU
		{CBDAA9DE-EBCC-4628-B9AC-5D440ABC2A1A}.Release|Any CPU.ActiveCfg = Release|Any CPU
		{CBDAA9DE-EBCC-4628-B9AC-5D440ABC2A1A}.Release|Any CPU.Build.0 = Release|Any CPU
		{26352D13-E50F-4A36-A054-A22C8A15CFAD}.Debug|Any CPU.ActiveCfg = Debug|Any CPU
		{26352D13-E50F-4A36-A054-A22C8A15CFAD}.Debug|Any CPU.Build.0 = Debug|Any CPU
		{26352D13-E50F-4A36-A054-A22C8A15CFAD}.Release|Any CPU.ActiveCfg = Release|Any CPU
		{26352D13-E50F-4A36-A054-A22C8A15CFAD}.Release|Any CPU.Build.0 = Release|Any CPU
		{12327431-65CB-4D20-B5B7-1BD110030B31}.Debug|Any CPU.ActiveCfg = Debug|Any CPU
		{12327431-65CB-4D20-B5B7-1BD110030B31}.Debug|Any CPU.Build.0 = Debug|Any CPU
		{12327431-65CB-4D20-B5B7-1BD110030B31}.Release|Any CPU.ActiveCfg = Release|Any CPU
		{12327431-65CB-4D20-B5B7-1BD110030B31}.Release|Any CPU.Build.0 = Release|Any CPU
	EndGlobalSection
	GlobalSection(SolutionProperties) = preSolution
		HideSolutionNode = FALSE
	EndGlobalSection
	GlobalSection(NestedProjects) = preSolution
		{D936B200-49DC-4FA0-9B1A-9FCBF6281947} = {559BC94B-8954-4C7A-BFAB-32199D67856D}
		{BC8B482C-69BC-4318-8239-C1C673F1CB7A} = {C2511B6F-4438-46E4-904B-72DBF0273744}
		{33474EF4-5350-4A2D-A6F7-666DA1AB9CFA} = {4DC09AC7-C6AA-4594-8B4C-20BB4DD5F234}
		{0960E7A3-586B-4F61-B8DC-764513974A19} = {CF972B06-48BC-4F89-B525-02FEC259BC7F}
		{7204E19E-8C63-4EF4-AA1E-14B5A996DC7F} = {0960E7A3-586B-4F61-B8DC-764513974A19}
		{F52D270C-2494-4A8B-8F74-B834DF2501C9} = {0960E7A3-586B-4F61-B8DC-764513974A19}
		{18DC1840-1498-4709-8C9C-54ED59546C10} = {0960E7A3-586B-4F61-B8DC-764513974A19}
		{A2AE6B81-EA63-4721-A97F-DF6DA58EB3F9} = {0960E7A3-586B-4F61-B8DC-764513974A19}
		{AEBEB8FF-07C0-48F5-8DDE-DDD9AC8D043C} = {7204E19E-8C63-4EF4-AA1E-14B5A996DC7F}
		{CBDAA9DE-EBCC-4628-B9AC-5D440ABC2A1A} = {18DC1840-1498-4709-8C9C-54ED59546C10}
		{26352D13-E50F-4A36-A054-A22C8A15CFAD} = {A2AE6B81-EA63-4721-A97F-DF6DA58EB3F9}
		{12327431-65CB-4D20-B5B7-1BD110030B31} = {F52D270C-2494-4A8B-8F74-B834DF2501C9}
	EndGlobalSection
	GlobalSection(ExtensibilityGlobals) = postSolution
		SolutionGuid = {D1F5BD32-0533-4B95-8706-772863E0B46A}
	EndGlobalSection
EndGlobal
